
Microsoft Visual Studio Solution File, Format Version 12.00
# Visual Studio Version 16
VisualStudioVersion = 16.0.32602.291
MinimumVisualStudioVersion = 10.0.40219.1
Project("{FAE04EC0-301F-11D3-BF4B-00C04F79EFBC}") = "dotnet-MessagingClient", "dotnet-MessagingClient\dotnet-MessagingClient.csproj", "{96F65B08-DAB1-4D06-9001-2FF40E9FDDF1}"
EndProject
Global
	GlobalSection(SolutionConfigurationPlatforms) = preSolution
		Debug|Any CPU = Debug|Any CPU
		Release|Any CPU = Release|Any CPU
	EndGlobalSection
	GlobalSection(ProjectConfigurationPlatforms) = postSolution
		{96F65B08-DAB1-4D06-9001-2FF40E9FDDF1}.Debug|Any CPU.ActiveCfg = Debug|Any CPU
		{96F65B08-DAB1-4D06-9001-2FF40E9FDDF1}.Debug|Any CPU.Build.0 = Debug|Any CPU
		{96F65B08-DAB1-4D06-9001-2FF40E9FDDF1}.Release|Any CPU.ActiveCfg = Release|Any CPU
		{96F65B08-DAB1-4D06-9001-2FF40E9FDDF1}.Release|Any CPU.Build.0 = Release|Any CPU
	EndGlobalSection
	GlobalSection(SolutionProperties) = preSolution
		HideSolutionNode = FALSE
	EndGlobalSection
	GlobalSection(ExtensibilityGlobals) = postSolution
		SolutionGuid = {0CEA3A9F-3A03-4C6B-8250-5097F10A0577}
	EndGlobalSection
EndGlobal
